
Microsoft Visual Studio Solution File, Format Version 12.00
# Visual Studio Version 17
VisualStudioVersion = 17.4.33403.182
MinimumVisualStudioVersion = 10.0.40219.1
Project("{FAE04EC0-301F-11D3-BF4B-00C04F79EFBC}") = "ExercicioFixacaoSeção10", "ExercicioFixacaoSeção10\ExercicioFixacaoSeção10.csproj", "{4D79EB13-48E8-466D-B6B5-45C32F013737}"
EndProject
Global
	GlobalSection(SolutionConfigurationPlatforms) = preSolution
		Debug|Any CPU = Debug|Any CPU
		Release|Any CPU = Release|Any CPU
	EndGlobalSection
	GlobalSection(ProjectConfigurationPlatforms) = postSolution
		{4D79EB13-48E8-466D-B6B5-45C32F013737}.Debug|Any CPU.ActiveCfg = Debug|Any CPU
		{4D79EB13-48E8-466D-B6B5-45C32F013737}.Debug|Any CPU.Build.0 = Debug|Any CPU
		{4D79EB13-48E8-466D-B6B5-45C32F013737}.Release|Any CPU.ActiveCfg = Release|Any CPU
		{4D79EB13-48E8-466D-B6B5-45C32F013737}.Release|Any CPU.Build.0 = Release|Any CPU
	EndGlobalSection
	GlobalSection(SolutionProperties) = preSolution
		HideSolutionNode = FALSE
	EndGlobalSection
	GlobalSection(ExtensibilityGlobals) = postSolution
		SolutionGuid = {32051086-8CC3-4E54-8A27-BBF074C23904}
	EndGlobalSection
EndGlobal
